
Microsoft Visual Studio Solution File, Format Version 12.00
# Visual Studio Version 17
VisualStudioVersion = 17.1.32421.90
MinimumVisualStudioVersion = 10.0.40219.1
Project("{FAE04EC0-301F-11D3-BF4B-00C04F79EFBC}") = "Ejercicio IVA", "WindowsFormsApp1\Ejercicio IVA.csproj", "{9CD52CCC-B434-48C4-9984-7F8C11B05E5E}"
EndProject
Project("{FAE04EC0-301F-11D3-BF4B-00C04F79EFBC}") = "Vectores", "Vectores\Vectores.csproj", "{A1EC66F9-14F3-47B3-8A13-2FCC6BE74F56}"
EndProject
Project("{FAE04EC0-301F-11D3-BF4B-00C04F79EFBC}") = "The_Calculator", "The_Calculator\The_Calculator.csproj", "{0CF00A9E-9B64-4504-BEF7-DD1B36E48A8E}"
EndProject
Global
	GlobalSection(SolutionConfigurationPlatforms) = preSolution
		Debug|Any CPU = Debug|Any CPU
		Release|Any CPU = Release|Any CPU
	EndGlobalSection
	GlobalSection(ProjectConfigurationPlatforms) = postSolution
		{9CD52CCC-B434-48C4-9984-7F8C11B05E5E}.Debug|Any CPU.ActiveCfg = Debug|Any CPU
		{9CD52CCC-B434-48C4-9984-7F8C11B05E5E}.Debug|Any CPU.Build.0 = Debug|Any CPU
		{9CD52CCC-B434-48C4-9984-7F8C11B05E5E}.Release|Any CPU.ActiveCfg = Release|Any CPU
		{9CD52CCC-B434-48C4-9984-7F8C11B05E5E}.Release|Any CPU.Build.0 = Release|Any CPU
		{A1EC66F9-14F3-47B3-8A13-2FCC6BE74F56}.Debug|Any CPU.ActiveCfg = Debug|Any CPU
		{A1EC66F9-14F3-47B3-8A13-2FCC6BE74F56}.Debug|Any CPU.Build.0 = Debug|Any CPU
		{A1EC66F9-14F3-47B3-8A13-2FCC6BE74F56}.Release|Any CPU.ActiveCfg = Release|Any CPU
		{A1EC66F9-14F3-47B3-8A13-2FCC6BE74F56}.Release|Any CPU.Build.0 = Release|Any CPU
		{0CF00A9E-9B64-4504-BEF7-DD1B36E48A8E}.Debug|Any CPU.ActiveCfg = Debug|Any CPU
		{0CF00A9E-9B64-4504-BEF7-DD1B36E48A8E}.Debug|Any CPU.Build.0 = Debug|Any CPU
		{0CF00A9E-9B64-4504-BEF7-DD1B36E48A8E}.Release|Any CPU.ActiveCfg = Release|Any CPU
		{0CF00A9E-9B64-4504-BEF7-DD1B36E48A8E}.Release|Any CPU.Build.0 = Release|Any CPU
	EndGlobalSection
	GlobalSection(SolutionProperties) = preSolution
		HideSolutionNode = FALSE
	EndGlobalSection
	GlobalSection(ExtensibilityGlobals) = postSolution
		SolutionGuid = {41BB6BA3-56CC-4C96-95F3-416BDCB9FEDF}
	EndGlobalSection
EndGlobal
