
Microsoft Visual Studio Solution File, Format Version 12.00
# Visual Studio Version 17
VisualStudioVersion = 17.1.32328.378
MinimumVisualStudioVersion = 10.0.40219.1
Project("{FAE04EC0-301F-11D3-BF4B-00C04F79EFBC}") = "herencias", "herencias\herencias.csproj", "{C100B685-75EF-40E0-A1F3-E8BF090A53AA}"
EndProject
Global
	GlobalSection(SolutionConfigurationPlatforms) = preSolution
		Debug|Any CPU = Debug|Any CPU
		Release|Any CPU = Release|Any CPU
	EndGlobalSection
	GlobalSection(ProjectConfigurationPlatforms) = postSolution
		{C100B685-75EF-40E0-A1F3-E8BF090A53AA}.Debug|Any CPU.ActiveCfg = Debug|Any CPU
		{C100B685-75EF-40E0-A1F3-E8BF090A53AA}.Debug|Any CPU.Build.0 = Debug|Any CPU
		{C100B685-75EF-40E0-A1F3-E8BF090A53AA}.Release|Any CPU.ActiveCfg = Release|Any CPU
		{C100B685-75EF-40E0-A1F3-E8BF090A53AA}.Release|Any CPU.Build.0 = Release|Any CPU
	EndGlobalSection
	GlobalSection(SolutionProperties) = preSolution
		HideSolutionNode = FALSE
	EndGlobalSection
	GlobalSection(ExtensibilityGlobals) = postSolution
		SolutionGuid = {B92C38B8-06A7-440F-AF68-5456ECD14563}
	EndGlobalSection
EndGlobal
