
Microsoft Visual Studio Solution File, Format Version 12.00
# Visual Studio Version 16
VisualStudioVersion = 16.0.32106.194
MinimumVisualStudioVersion = 10.0.40219.1
Project("{FAE04EC0-301F-11D3-BF4B-00C04F79EFBC}") = "finca", "finca\finca.csproj", "{9AD35267-67C1-4FC0-B04C-1D8896E59388}"
EndProject
Project("{FAE04EC0-301F-11D3-BF4B-00C04F79EFBC}") = "Viaje", "Viaje\Viaje.csproj", "{F3624CC9-0CE8-425A-AD66-F066CDCA7424}"
EndProject
Global
	GlobalSection(SolutionConfigurationPlatforms) = preSolution
		Debug|Any CPU = Debug|Any CPU
		Release|Any CPU = Release|Any CPU
	EndGlobalSection
	GlobalSection(ProjectConfigurationPlatforms) = postSolution
		{9AD35267-67C1-4FC0-B04C-1D8896E59388}.Debug|Any CPU.ActiveCfg = Debug|Any CPU
		{9AD35267-67C1-4FC0-B04C-1D8896E59388}.Debug|Any CPU.Build.0 = Debug|Any CPU
		{9AD35267-67C1-4FC0-B04C-1D8896E59388}.Release|Any CPU.ActiveCfg = Release|Any CPU
		{9AD35267-67C1-4FC0-B04C-1D8896E59388}.Release|Any CPU.Build.0 = Release|Any CPU
		{F3624CC9-0CE8-425A-AD66-F066CDCA7424}.Debug|Any CPU.ActiveCfg = Debug|Any CPU
		{F3624CC9-0CE8-425A-AD66-F066CDCA7424}.Debug|Any CPU.Build.0 = Debug|Any CPU
		{F3624CC9-0CE8-425A-AD66-F066CDCA7424}.Release|Any CPU.ActiveCfg = Release|Any CPU
		{F3624CC9-0CE8-425A-AD66-F066CDCA7424}.Release|Any CPU.Build.0 = Release|Any CPU
	EndGlobalSection
	GlobalSection(SolutionProperties) = preSolution
		HideSolutionNode = FALSE
	EndGlobalSection
	GlobalSection(ExtensibilityGlobals) = postSolution
		SolutionGuid = {DB55283D-C9F0-4889-8FCC-0D7A70194942}
	EndGlobalSection
EndGlobal
